
Microsoft Visual Studio Solution File, Format Version 12.00
Project("{FAE04EC0-301F-11D3-BF4B-00C04F79EFBC}") = "Task1", "Task1\Task1.csproj", "{BC7E8F19-C2D8-4C25-BE8D-A59DFFD7E4C3}"
EndProject
Global
	GlobalSection(SolutionConfigurationPlatforms) = preSolution
		Debug|Any CPU = Debug|Any CPU
		Release|Any CPU = Release|Any CPU
	EndGlobalSection
	GlobalSection(ProjectConfigurationPlatforms) = postSolution
		{BC7E8F19-C2D8-4C25-BE8D-A59DFFD7E4C3}.Debug|Any CPU.ActiveCfg = Debug|Any CPU
		{BC7E8F19-C2D8-4C25-BE8D-A59DFFD7E4C3}.Debug|Any CPU.Build.0 = Debug|Any CPU
		{BC7E8F19-C2D8-4C25-BE8D-A59DFFD7E4C3}.Release|Any CPU.ActiveCfg = Release|Any CPU
		{BC7E8F19-C2D8-4C25-BE8D-A59DFFD7E4C3}.Release|Any CPU.Build.0 = Release|Any CPU
	EndGlobalSection
EndGlobal
