
Microsoft Visual Studio Solution File, Format Version 12.00
# Visual Studio Version 16
VisualStudioVersion = 16.0.29123.88
MinimumVisualStudioVersion = 10.0.40219.1
Project("{FAE04EC0-301F-11D3-BF4B-00C04F79EFBC}") = "Task1", "Task1\Task1.csproj", "{A0DB5525-E5CE-4A95-8B16-E61BCB7A75A2}"
EndProject
Project("{FAE04EC0-301F-11D3-BF4B-00C04F79EFBC}") = "Task2", "Task2\Task2.csproj", "{A7EE2EE3-DC61-4235-AFDC-223566634D02}"
EndProject
Global
	GlobalSection(SolutionConfigurationPlatforms) = preSolution
		Debug|Any CPU = Debug|Any CPU
		Release|Any CPU = Release|Any CPU
	EndGlobalSection
	GlobalSection(ProjectConfigurationPlatforms) = postSolution
		{A0DB5525-E5CE-4A95-8B16-E61BCB7A75A2}.Debug|Any CPU.ActiveCfg = Debug|Any CPU
		{A0DB5525-E5CE-4A95-8B16-E61BCB7A75A2}.Debug|Any CPU.Build.0 = Debug|Any CPU
		{A0DB5525-E5CE-4A95-8B16-E61BCB7A75A2}.Release|Any CPU.ActiveCfg = Release|Any CPU
		{A0DB5525-E5CE-4A95-8B16-E61BCB7A75A2}.Release|Any CPU.Build.0 = Release|Any CPU
		{A7EE2EE3-DC61-4235-AFDC-223566634D02}.Debug|Any CPU.ActiveCfg = Debug|Any CPU
		{A7EE2EE3-DC61-4235-AFDC-223566634D02}.Debug|Any CPU.Build.0 = Debug|Any CPU
		{A7EE2EE3-DC61-4235-AFDC-223566634D02}.Release|Any CPU.ActiveCfg = Release|Any CPU
		{A7EE2EE3-DC61-4235-AFDC-223566634D02}.Release|Any CPU.Build.0 = Release|Any CPU
	EndGlobalSection
	GlobalSection(SolutionProperties) = preSolution
		HideSolutionNode = FALSE
	EndGlobalSection
	GlobalSection(ExtensibilityGlobals) = postSolution
		SolutionGuid = {D3E46C51-321D-4A31-85D2-1015C9FCE1C9}
	EndGlobalSection
EndGlobal
