
Microsoft Visual Studio Solution File, Format Version 12.00
Project("{FAE04EC0-301F-11D3-BF4B-00C04F79EFBC}") = "Task1", "Task1\Task1.csproj", "{BCCBA3C5-0D02-4960-A11D-F2674CCD7C96}"
EndProject
Global
	GlobalSection(SolutionConfigurationPlatforms) = preSolution
		Debug|Any CPU = Debug|Any CPU
		Release|Any CPU = Release|Any CPU
	EndGlobalSection
	GlobalSection(ProjectConfigurationPlatforms) = postSolution
		{BCCBA3C5-0D02-4960-A11D-F2674CCD7C96}.Debug|Any CPU.ActiveCfg = Debug|Any CPU
		{BCCBA3C5-0D02-4960-A11D-F2674CCD7C96}.Debug|Any CPU.Build.0 = Debug|Any CPU
		{BCCBA3C5-0D02-4960-A11D-F2674CCD7C96}.Release|Any CPU.ActiveCfg = Release|Any CPU
		{BCCBA3C5-0D02-4960-A11D-F2674CCD7C96}.Release|Any CPU.Build.0 = Release|Any CPU
	EndGlobalSection
EndGlobal
